
Microsoft Visual Studio Solution File, Format Version 12.00
# Visual Studio Version 16
VisualStudioVersion = 16.0.31019.35
MinimumVisualStudioVersion = 10.0.40219.1
Project("{FAE04EC0-301F-11D3-BF4B-00C04F79EFBC}") = "lab", "lab\lab.csproj", "{6D102B3E-4044-4113-9C22-D96B12EDA545}"
EndProject
Global
	GlobalSection(SolutionConfigurationPlatforms) = preSolution
		Debug|Any CPU = Debug|Any CPU
		Release|Any CPU = Release|Any CPU
	EndGlobalSection
	GlobalSection(ProjectConfigurationPlatforms) = postSolution
		{6D102B3E-4044-4113-9C22-D96B12EDA545}.Debug|Any CPU.ActiveCfg = Debug|Any CPU
		{6D102B3E-4044-4113-9C22-D96B12EDA545}.Debug|Any CPU.Build.0 = Debug|Any CPU
		{6D102B3E-4044-4113-9C22-D96B12EDA545}.Release|Any CPU.ActiveCfg = Release|Any CPU
		{6D102B3E-4044-4113-9C22-D96B12EDA545}.Release|Any CPU.Build.0 = Release|Any CPU
	EndGlobalSection
	GlobalSection(SolutionProperties) = preSolution
		HideSolutionNode = FALSE
	EndGlobalSection
	GlobalSection(ExtensibilityGlobals) = postSolution
		SolutionGuid = {5BF400E1-15E3-4E35-A352-C352BB5B0FEE}
	EndGlobalSection
EndGlobal
