
Microsoft Visual Studio Solution File, Format Version 12.00
# Visual Studio Version 16
VisualStudioVersion = 16.0.31019.35
MinimumVisualStudioVersion = 10.0.40219.1
Project("{FAE04EC0-301F-11D3-BF4B-00C04F79EFBC}") = "WFApp", "WFApp\WFApp.csproj", "{EFC323DD-CAAA-4617-8E5E-9B44708F827B}"
EndProject
Global
	GlobalSection(SolutionConfigurationPlatforms) = preSolution
		Debug|Any CPU = Debug|Any CPU
		Release|Any CPU = Release|Any CPU
	EndGlobalSection
	GlobalSection(ProjectConfigurationPlatforms) = postSolution
		{EFC323DD-CAAA-4617-8E5E-9B44708F827B}.Debug|Any CPU.ActiveCfg = Debug|Any CPU
		{EFC323DD-CAAA-4617-8E5E-9B44708F827B}.Debug|Any CPU.Build.0 = Debug|Any CPU
		{EFC323DD-CAAA-4617-8E5E-9B44708F827B}.Release|Any CPU.ActiveCfg = Release|Any CPU
		{EFC323DD-CAAA-4617-8E5E-9B44708F827B}.Release|Any CPU.Build.0 = Release|Any CPU
	EndGlobalSection
	GlobalSection(SolutionProperties) = preSolution
		HideSolutionNode = FALSE
	EndGlobalSection
	GlobalSection(ExtensibilityGlobals) = postSolution
		SolutionGuid = {E8A7A4E3-B7C5-4816-9FF0-8A0770DD99C7}
	EndGlobalSection
EndGlobal
